
Microsoft Visual Studio Solution File, Format Version 12.00
# Visual Studio 2012
Project("{FAE04EC0-301F-11D3-BF4B-00C04F79EFBC}") = "WindowsService_HostAPI", "WindowsService_HostAPI\WindowsService_HostAPI.csproj", "{22B2A7E1-BA84-4087-B266-B2BE68E5F981}"
EndProject
Global
	GlobalSection(SolutionConfigurationPlatforms) = preSolution
		Debug|Any CPU = Debug|Any CPU
		Release|Any CPU = Release|Any CPU
	EndGlobalSection
	GlobalSection(ProjectConfigurationPlatforms) = postSolution
		{22B2A7E1-BA84-4087-B266-B2BE68E5F981}.Debug|Any CPU.ActiveCfg = Debug|Any CPU
		{22B2A7E1-BA84-4087-B266-B2BE68E5F981}.Debug|Any CPU.Build.0 = Debug|Any CPU
		{22B2A7E1-BA84-4087-B266-B2BE68E5F981}.Release|Any CPU.ActiveCfg = Release|Any CPU
		{22B2A7E1-BA84-4087-B266-B2BE68E5F981}.Release|Any CPU.Build.0 = Release|Any CPU
	EndGlobalSection
	GlobalSection(SolutionProperties) = preSolution
		HideSolutionNode = FALSE
	EndGlobalSection
EndGlobal
